// !$*UTF8*$!
{
	archiveVersion = 1;
	classes = {
	};
	objectVersion = 50;
	objects = {

/* Begin PBXBuildFile section */
		937F794C267856840098B963 /* CloudKit.framework in Frameworks */ = {isa = PBXBuildFile; fileRef = 937F794B267856840098B963 /* CloudKit.framework */; };
		93F0979C267817F60005D9E7 /* BingoGolfApp.swift in Sources */ = {isa = PBXBuildFile; fileRef = 93F0979B267817F60005D9E7 /* BingoGolfApp.swift */; };
		93F0979E267817F60005D9E7 /* ContentView.swift in Sources */ = {isa = PBXBuildFile; fileRef = 93F0979D267817F60005D9E7 /* ContentView.swift */; };
		93F097A0267817FD0005D9E7 /* Assets.xcassets in Resources */ = {isa = PBXBuildFile; fileRef = 93F0979F267817FD0005D9E7 /* Assets.xcassets */; };
		93F097A3267817FD0005D9E7 /* Preview Assets.xcassets in Resources */ = {isa = PBXBuildFile; fileRef = 93F097A2267817FD0005D9E7 /* Preview Assets.xcassets */; };
		93F097AE267817FD0005D9E7 /* BingoGolfTests.swift in Sources */ = {isa = PBXBuildFile; fileRef = 93F097AD267817FD0005D9E7 /* BingoGolfTests.swift */; };
		93F097B9267817FD0005D9E7 /* BingoGolfUITests.swift in Sources */ = {isa = PBXBuildFile; fileRef = 93F097B8267817FD0005D9E7 /* BingoGolfUITests.swift */; };
		93F097C8267819A90005D9E7 /* Main.xcdatamodeld in Sources */ = {isa = PBXBuildFile; fileRef = 93F097C6267819A90005D9E7 /* Main.xcdatamodeld */; };
		93F097CA267849640005D9E7 /* DataController.swift in Sources */ = {isa = PBXBuildFile; fileRef = 93F097C9267849640005D9E7 /* DataController.swift */; };
/* End PBXBuildFile section */

/* Begin PBXContainerItemProxy section */
		93F097AA267817FD0005D9E7 /* PBXContainerItemProxy */ = {
			isa = PBXContainerItemProxy;
			containerPortal = 93F09790267817F60005D9E7 /* Project object */;
			proxyType = 1;
			remoteGlobalIDString = 93F09797267817F60005D9E7;
			remoteInfo = "bingo-golf";
		};
		93F097B5267817FD0005D9E7 /* PBXContainerItemProxy */ = {
			isa = PBXContainerItemProxy;
			containerPortal = 93F09790267817F60005D9E7 /* Project object */;
			proxyType = 1;
			remoteGlobalIDString = 93F09797267817F60005D9E7;
			remoteInfo = "bingo-golf";
		};
/* End PBXContainerItemProxy section */

/* Begin PBXFileReference section */
		937F794B267856840098B963 /* CloudKit.framework */ = {isa = PBXFileReference; lastKnownFileType = wrapper.framework; name = CloudKit.framework; path = System/Library/Frameworks/CloudKit.framework; sourceTree = SDKROOT; };
		93F09798267817F60005D9E7 /* BingoGolf.app */ = {isa = PBXFileReference; explicitFileType = wrapper.application; includeInIndex = 0; path = BingoGolf.app; sourceTree = BUILT_PRODUCTS_DIR; };
		93F0979B267817F60005D9E7 /* BingoGolfApp.swift */ = {isa = PBXFileReference; lastKnownFileType = sourcecode.swift; path = BingoGolfApp.swift; sourceTree = "<group>"; };
		93F0979D267817F60005D9E7 /* ContentView.swift */ = {isa = PBXFileReference; lastKnownFileType = sourcecode.swift; path = ContentView.swift; sourceTree = "<group>"; };
		93F0979F267817FD0005D9E7 /* Assets.xcassets */ = {isa = PBXFileReference; lastKnownFileType = folder.assetcatalog; path = Assets.xcassets; sourceTree = "<group>"; };
		93F097A2267817FD0005D9E7 /* Preview Assets.xcassets */ = {isa = PBXFileReference; lastKnownFileType = folder.assetcatalog; path = "Preview Assets.xcassets"; sourceTree = "<group>"; };
		93F097A4267817FD0005D9E7 /* Info.plist */ = {isa = PBXFileReference; lastKnownFileType = text.plist.xml; path = Info.plist; sourceTree = "<group>"; };
		93F097A9267817FD0005D9E7 /* BingoGolfTests.xctest */ = {isa = PBXFileReference; explicitFileType = wrapper.cfbundle; includeInIndex = 0; path = BingoGolfTests.xctest; sourceTree = BUILT_PRODUCTS_DIR; };
		93F097AD267817FD0005D9E7 /* BingoGolfTests.swift */ = {isa = PBXFileReference; lastKnownFileType = sourcecode.swift; path = BingoGolfTests.swift; sourceTree = "<group>"; };
		93F097AF267817FD0005D9E7 /* Info.plist */ = {isa = PBXFileReference; lastKnownFileType = text.plist.xml; path = Info.plist; sourceTree = "<group>"; };
		93F097B4267817FD0005D9E7 /* BingoGolfUITests.xctest */ = {isa = PBXFileReference; explicitFileType = wrapper.cfbundle; includeInIndex = 0; path = BingoGolfUITests.xctest; sourceTree = BUILT_PRODUCTS_DIR; };
		93F097B8267817FD0005D9E7 /* BingoGolfUITests.swift */ = {isa = PBXFileReference; lastKnownFileType = sourcecode.swift; path = BingoGolfUITests.swift; sourceTree = "<group>"; };
		93F097BA267817FD0005D9E7 /* Info.plist */ = {isa = PBXFileReference; lastKnownFileType = text.plist.xml; path = Info.plist; sourceTree = "<group>"; };
		93F097C7267819A90005D9E7 /* Main.xcdatamodel */ = {isa = PBXFileReference; lastKnownFileType = wrapper.xcdatamodel; path = Main.xcdatamodel; sourceTree = "<group>"; };
		93F097C9267849640005D9E7 /* DataController.swift */ = {isa = PBXFileReference; lastKnownFileType = sourcecode.swift; path = DataController.swift; sourceTree = "<group>"; };
		93F097CB267856580005D9E7 /* BingoGolf.entitlements */ = {isa = PBXFileReference; lastKnownFileType = text.plist.entitlements; path = BingoGolf.entitlements; sourceTree = "<group>"; };
/* End PBXFileReference section */

/* Begin PBXFrameworksBuildPhase section */
		93F09795267817F60005D9E7 /* Frameworks */ = {
			isa = PBXFrameworksBuildPhase;
			buildActionMask = 2147483647;
			files = (
				937F794C267856840098B963 /* CloudKit.framework in Frameworks */,
			);
			runOnlyForDeploymentPostprocessing = 0;
		};
		93F097A6267817FD0005D9E7 /* Frameworks */ = {
			isa = PBXFrameworksBuildPhase;
			buildActionMask = 2147483647;
			files = (
			);
			runOnlyForDeploymentPostprocessing = 0;
		};
		93F097B1267817FD0005D9E7 /* Frameworks */ = {
			isa = PBXFrameworksBuildPhase;
			buildActionMask = 2147483647;
			files = (
			);
			runOnlyForDeploymentPostprocessing = 0;
		};
/* End PBXFrameworksBuildPhase section */

/* Begin PBXGroup section */
		937F794A267856840098B963 /* Frameworks */ = {
			isa = PBXGroup;
			children = (
				937F794B267856840098B963 /* CloudKit.framework */,
			);
			name = Frameworks;
			sourceTree = "<group>";
		};
		93F0978F267817F60005D9E7 = {
			isa = PBXGroup;
			children = (
				93F0979A267817F60005D9E7 /* BingoGolf */,
				93F097AC267817FD0005D9E7 /* BingoGolfTests */,
				93F097B7267817FD0005D9E7 /* BingoGolfUITests */,
				93F09799267817F60005D9E7 /* Products */,
				937F794A267856840098B963 /* Frameworks */,
			);
			sourceTree = "<group>";
		};
		93F09799267817F60005D9E7 /* Products */ = {
			isa = PBXGroup;
			children = (
				93F09798267817F60005D9E7 /* BingoGolf.app */,
				93F097A9267817FD0005D9E7 /* BingoGolfTests.xctest */,
				93F097B4267817FD0005D9E7 /* BingoGolfUITests.xctest */,
			);
			name = Products;
			sourceTree = "<group>";
		};
		93F0979A267817F60005D9E7 /* BingoGolf */ = {
			isa = PBXGroup;
			children = (
				93F097CB267856580005D9E7 /* BingoGolf.entitlements */,
				93F0979B267817F60005D9E7 /* BingoGolfApp.swift */,
				93F0979D267817F60005D9E7 /* ContentView.swift */,
				93F0979F267817FD0005D9E7 /* Assets.xcassets */,
				93F097A4267817FD0005D9E7 /* Info.plist */,
				93F097A1267817FD0005D9E7 /* Preview Content */,
				93F097C6267819A90005D9E7 /* Main.xcdatamodeld */,
				93F097C9267849640005D9E7 /* DataController.swift */,
			);
			path = BingoGolf;
			sourceTree = "<group>";
		};
		93F097A1267817FD0005D9E7 /* Preview Content */ = {
			isa = PBXGroup;
			children = (
				93F097A2267817FD0005D9E7 /* Preview Assets.xcassets */,
			);
			path = "Preview Content";
			sourceTree = "<group>";
		};
		93F097AC267817FD0005D9E7 /* BingoGolfTests */ = {
			isa = PBXGroup;
			children = (
				93F097AD267817FD0005D9E7 /* BingoGolfTests.swift */,
				93F097AF267817FD0005D9E7 /* Info.plist */,
			);
			path = BingoGolfTests;
			sourceTree = "<group>";
		};
		93F097B7267817FD0005D9E7 /* BingoGolfUITests */ = {
			isa = PBXGroup;
			children = (
				93F097B8267817FD0005D9E7 /* BingoGolfUITests.swift */,
				93F097BA267817FD0005D9E7 /* Info.plist */,
			);
			path = BingoGolfUITests;
			sourceTree = "<group>";
		};
/* End PBXGroup section */

/* Begin PBXNativeTarget section */
		93F09797267817F60005D9E7 /* BingoGolf */ = {
			isa = PBXNativeTarget;
			buildConfigurationList = 93F097BD267817FD0005D9E7 /* Build configuration list for PBXNativeTarget "BingoGolf" */;
			buildPhases = (
				93F09794267817F60005D9E7 /* Sources */,
				93F09795267817F60005D9E7 /* Frameworks */,
				93F09796267817F60005D9E7 /* Resources */,
			);
			buildRules = (
			);
			dependencies = (
			);
			name = BingoGolf;
			productName = "bingo-golf";
			productReference = 93F09798267817F60005D9E7 /* BingoGolf.app */;
			productType = "com.apple.product-type.application";
		};
		93F097A8267817FD0005D9E7 /* BingoGolfTests */ = {
			isa = PBXNativeTarget;
			buildConfigurationList = 93F097C0267817FD0005D9E7 /* Build configuration list for PBXNativeTarget "BingoGolfTests" */;
			buildPhases = (
				93F097A5267817FD0005D9E7 /* Sources */,
				93F097A6267817FD0005D9E7 /* Frameworks */,
				93F097A7267817FD0005D9E7 /* Resources */,
			);
			buildRules = (
			);
			dependencies = (
				93F097AB267817FD0005D9E7 /* PBXTargetDependency */,
			);
			name = BingoGolfTests;
			productName = "bingo-golfTests";
			productReference = 93F097A9267817FD0005D9E7 /* BingoGolfTests.xctest */;
			productType = "com.apple.product-type.bundle.unit-test";
		};
		93F097B3267817FD0005D9E7 /* BingoGolfUITests */ = {
			isa = PBXNativeTarget;
			buildConfigurationList = 93F097C3267817FD0005D9E7 /* Build configuration list for PBXNativeTarget "BingoGolfUITests" */;
			buildPhases = (
				93F097B0267817FD0005D9E7 /* Sources */,
				93F097B1267817FD0005D9E7 /* Frameworks */,
				93F097B2267817FD0005D9E7 /* Resources */,
			);
			buildRules = (
			);
			dependencies = (
				93F097B6267817FD0005D9E7 /* PBXTargetDependency */,
			);
			name = BingoGolfUITests;
			productName = "bingo-golfUITests";
			productReference = 93F097B4267817FD0005D9E7 /* BingoGolfUITests.xctest */;
			productType = "com.apple.product-type.bundle.ui-testing";
		};
/* End PBXNativeTarget section */

/* Begin PBXProject section */
		93F09790267817F60005D9E7 /* Project object */ = {
			isa = PBXProject;
			attributes = {
				LastSwiftUpdateCheck = 1250;
				LastUpgradeCheck = 1250;
				TargetAttributes = {
					93F09797267817F60005D9E7 = {
						CreatedOnToolsVersion = 12.5;
					};
					93F097A8267817FD0005D9E7 = {
						CreatedOnToolsVersion = 12.5;
						TestTargetID = 93F09797267817F60005D9E7;
					};
					93F097B3267817FD0005D9E7 = {
						CreatedOnToolsVersion = 12.5;
						TestTargetID = 93F09797267817F60005D9E7;
					};
				};
			};
			buildConfigurationList = 93F09793267817F60005D9E7 /* Build configuration list for PBXProject "BingoGolf" */;
			compatibilityVersion = "Xcode 9.3";
			developmentRegion = en;
			hasScannedForEncodings = 0;
			knownRegions = (
				en,
				Base,
			);
			mainGroup = 93F0978F267817F60005D9E7;
			productRefGroup = 93F09799267817F60005D9E7 /* Products */;
			projectDirPath = "";
			projectRoot = "";
			targets = (
				93F09797267817F60005D9E7 /* BingoGolf */,
				93F097A8267817FD0005D9E7 /* BingoGolfTests */,
				93F097B3267817FD0005D9E7 /* BingoGolfUITests */,
			);
		};
/* End PBXProject section */

/* Begin PBXResourcesBuildPhase section */
		93F09796267817F60005D9E7 /* Resources */ = {
			isa = PBXResourcesBuildPhase;
			buildActionMask = 2147483647;
			files = (
				93F097A3267817FD0005D9E7 /* Preview Assets.xcassets in Resources */,
				93F097A0267817FD0005D9E7 /* Assets.xcassets in Resources */,
			);
			runOnlyForDeploymentPostprocessing = 0;
		};
		93F097A7267817FD0005D9E7 /* Resources */ = {
			isa = PBXResourcesBuildPhase;
			buildActionMask = 2147483647;
			files = (
			);
			runOnlyForDeploymentPostprocessing = 0;
		};
		93F097B2267817FD0005D9E7 /* Resources */ = {
			isa = PBXResourcesBuildPhase;
			buildActionMask = 2147483647;
			files = (
			);
			runOnlyForDeploymentPostprocessing = 0;
		};
/* End PBXResourcesBuildPhase section */

/* Begin PBXSourcesBuildPhase section */
		93F09794267817F60005D9E7 /* Sources */ = {
			isa = PBXSourcesBuildPhase;
			buildActionMask = 2147483647;
			files = (
				93F097C8267819A90005D9E7 /* Main.xcdatamodeld in Sources */,
				93F097CA267849640005D9E7 /* DataController.swift in Sources */,
				93F0979E267817F60005D9E7 /* ContentView.swift in Sources */,
				93F0979C267817F60005D9E7 /* BingoGolfApp.swift in Sources */,
			);
			runOnlyForDeploymentPostprocessing = 0;
		};
		93F097A5267817FD0005D9E7 /* Sources */ = {
			isa = PBXSourcesBuildPhase;
			buildActionMask = 2147483647;
			files = (
				93F097AE267817FD0005D9E7 /* BingoGolfTests.swift in Sources */,
			);
			runOnlyForDeploymentPostprocessing = 0;
		};
		93F097B0267817FD0005D9E7 /* Sources */ = {
			isa = PBXSourcesBuildPhase;
			buildActionMask = 2147483647;
			files = (
				93F097B9267817FD0005D9E7 /* BingoGolfUITests.swift in Sources */,
			);
			runOnlyForDeploymentPostprocessing = 0;
		};
/* End PBXSourcesBuildPhase section */

/* Begin PBXTargetDependency section */
		93F097AB267817FD0005D9E7 /* PBXTargetDependency */ = {
			isa = PBXTargetDependency;
			target = 93F09797267817F60005D9E7 /* BingoGolf */;
			targetProxy = 93F097AA267817FD0005D9E7 /* PBXContainerItemProxy */;
		};
		93F097B6267817FD0005D9E7 /* PBXTargetDependency */ = {
			isa = PBXTargetDependency;
			target = 93F09797267817F60005D9E7 /* BingoGolf */;
			targetProxy = 93F097B5267817FD0005D9E7 /* PBXContainerItemProxy */;
		};
/* End PBXTargetDependency section */

/* Begin XCBuildConfiguration section */
		93F097BB267817FD0005D9E7 /* Debug */ = {
			isa = XCBuildConfiguration;
			buildSettings = {
				ALWAYS_SEARCH_USER_PATHS = NO;
				CLANG_ANALYZER_NONNULL = YES;
				CLANG_ANALYZER_NUMBER_OBJECT_CONVERSION = YES_AGGRESSIVE;
				CLANG_CXX_LANGUAGE_STANDARD = "gnu++14";
				CLANG_CXX_LIBRARY = "libc++";
				CLANG_ENABLE_MODULES = YES;
				CLANG_ENABLE_OBJC_ARC = YES;
				CLANG_ENABLE_OBJC_WEAK = YES;
				CLANG_WARN_BLOCK_CAPTURE_AUTORELEASING = YES;
				CLANG_WARN_BOOL_CONVERSION = YES;
				CLANG_WARN_COMMA = YES;
				CLANG_WARN_CONSTANT_CONVERSION = YES;
				CLANG_WARN_DEPRECATED_OBJC_IMPLEMENTATIONS = YES;
				CLANG_WARN_DIRECT_OBJC_ISA_USAGE = YES_ERROR;
				CLANG_WARN_DOCUMENTATION_COMMENTS = YES;
				CLANG_WARN_EMPTY_BODY = YES;
				CLANG_WARN_ENUM_CONVERSION = YES;
				CLANG_WARN_INFINITE_RECURSION = YES;
				CLANG_WARN_INT_CONVERSION = YES;
				CLANG_WARN_NON_LITERAL_NULL_CONVERSION = YES;
				CLANG_WARN_OBJC_IMPLICIT_RETAIN_SELF = YES;
				CLANG_WARN_OBJC_LITERAL_CONVERSION = YES;
				CLANG_WARN_OBJC_ROOT_CLASS = YES_ERROR;
				CLANG_WARN_QUOTED_INCLUDE_IN_FRAMEWORK_HEADER = YES;
				CLANG_WARN_RANGE_LOOP_ANALYSIS = YES;
				CLANG_WARN_STRICT_PROTOTYPES = YES;
				CLANG_WARN_SUSPICIOUS_MOVE = YES;
				CLANG_WARN_UNGUARDED_AVAILABILITY = YES_AGGRESSIVE;
				CLANG_WARN_UNREACHABLE_CODE = YES;
				CLANG_WARN__DUPLICATE_METHOD_MATCH = YES;
				COPY_PHASE_STRIP = NO;
				DEBUG_INFORMATION_FORMAT = dwarf;
				ENABLE_STRICT_OBJC_MSGSEND = YES;
				ENABLE_TESTABILITY = YES;
				GCC_C_LANGUAGE_STANDARD = gnu11;
				GCC_DYNAMIC_NO_PIC = NO;
				GCC_NO_COMMON_BLOCKS = YES;
				GCC_OPTIMIZATION_LEVEL = 0;
				GCC_PREPROCESSOR_DEFINITIONS = (
					"DEBUG=1",
					"$(inherited)",
				);
				GCC_WARN_64_TO_32_BIT_CONVERSION = YES;
				GCC_WARN_ABOUT_RETURN_TYPE = YES_ERROR;
				GCC_WARN_UNDECLARED_SELECTOR = YES;
				GCC_WARN_UNINITIALIZED_AUTOS = YES_AGGRESSIVE;
				GCC_WARN_UNUSED_FUNCTION = YES;
				GCC_WARN_UNUSED_VARIABLE = YES;
				IPHONEOS_DEPLOYMENT_TARGET = 14.5;
				MTL_ENABLE_DEBUG_INFO = INCLUDE_SOURCE;
				MTL_FAST_MATH = YES;
				ONLY_ACTIVE_ARCH = YES;
				SDKROOT = iphoneos;
				SWIFT_ACTIVE_COMPILATION_CONDITIONS = DEBUG;
				SWIFT_OPTIMIZATION_LEVEL = "-Onone";
			};
			name = Debug;
		};
		93F097BC267817FD0005D9E7 /* Release */ = {
			isa = XCBuildConfiguration;
			buildSettings = {
				ALWAYS_SEARCH_USER_PATHS = NO;
				CLANG_ANALYZER_NONNULL = YES;
				CLANG_ANALYZER_NUMBER_OBJECT_CONVERSION = YES_AGGRESSIVE;
				CLANG_CXX_LANGUAGE_STANDARD = "gnu++14";
				CLANG_CXX_LIBRARY = "libc++";
				CLANG_ENABLE_MODULES = YES;
				CLANG_ENABLE_OBJC_ARC = YES;
				CLANG_ENABLE_OBJC_WEAK = YES;
				CLANG_WARN_BLOCK_CAPTURE_AUTORELEASING = YES;
				CLANG_WARN_BOOL_CONVERSION = YES;
				CLANG_WARN_COMMA = YES;
				CLANG_WARN_CONSTANT_CONVERSION = YES;
				CLANG_WARN_DEPRECATED_OBJC_IMPLEMENTATIONS = YES;
				CLANG_WARN_DIRECT_OBJC_ISA_USAGE = YES_ERROR;
				CLANG_WARN_DOCUMENTATION_COMMENTS = YES;
				CLANG_WARN_EMPTY_BODY = YES;
				CLANG_WARN_ENUM_CONVERSION = YES;
				CLANG_WARN_INFINITE_RECURSION = YES;
				CLANG_WARN_INT_CONVERSION = YES;
				CLANG_WARN_NON_LITERAL_NULL_CONVERSION = YES;
				CLANG_WARN_OBJC_IMPLICIT_RETAIN_SELF = YES;
				CLANG_WARN_OBJC_LITERAL_CONVERSION = YES;
				CLANG_WARN_OBJC_ROOT_CLASS = YES_ERROR;
				CLANG_WARN_QUOTED_INCLUDE_IN_FRAMEWORK_HEADER = YES;
				CLANG_WARN_RANGE_LOOP_ANALYSIS = YES;
				CLANG_WARN_STRICT_PROTOTYPES = YES;
				CLANG_WARN_SUSPICIOUS_MOVE = YES;
				CLANG_WARN_UNGUARDED_AVAILABILITY = YES_AGGRESSIVE;
				CLANG_WARN_UNREACHABLE_CODE = YES;
				CLANG_WARN__DUPLICATE_METHOD_MATCH = YES;
				COPY_PHASE_STRIP = NO;
				DEBUG_INFORMATION_FORMAT = "dwarf-with-dsym";
				ENABLE_NS_ASSERTIONS = NO;
				ENABLE_STRICT_OBJC_MSGSEND = YES;
				GCC_C_LANGUAGE_STANDARD = gnu11;
				GCC_NO_COMMON_BLOCKS = YES;
				GCC_WARN_64_TO_32_BIT_CONVERSION = YES;
				GCC_WARN_ABOUT_RETURN_TYPE = YES_ERROR;
				GCC_WARN_UNDECLARED_SELECTOR = YES;
				GCC_WARN_UNINITIALIZED_AUTOS = YES_AGGRESSIVE;
				GCC_WARN_UNUSED_FUNCTION = YES;
				GCC_WARN_UNUSED_VARIABLE = YES;
				IPHONEOS_DEPLOYMENT_TARGET = 14.5;
				MTL_ENABLE_DEBUG_INFO = NO;
				MTL_FAST_MATH = YES;
				SDKROOT = iphoneos;
				SWIFT_COMPILATION_MODE = wholemodule;
				SWIFT_OPTIMIZATION_LEVEL = "-O";
				VALIDATE_PRODUCT = YES;
			};
			name = Release;
		};
		93F097BE267817FD0005D9E7 /* Debug */ = {
			isa = XCBuildConfiguration;
			buildSettings = {
				ASSETCATALOG_COMPILER_APPICON_NAME = AppIcon;
				ASSETCATALOG_COMPILER_GLOBAL_ACCENT_COLOR_NAME = AccentColor;
				CODE_SIGN_ENTITLEMENTS = BingoGolf/BingoGolf.entitlements;
				CODE_SIGN_STYLE = Automatic;
				DEVELOPMENT_ASSET_PATHS = "\"bingo-golf/Preview Content\"";
				DEVELOPMENT_TEAM = SFM8A4Z9K3;
				ENABLE_PREVIEWS = YES;
				INFOPLIST_FILE = "bingo-golf/Info.plist";
				IPHONEOS_DEPLOYMENT_TARGET = 14.0;
				LD_RUNPATH_SEARCH_PATHS = (
					"$(inherited)",
					"@executable_path/Frameworks",
				);
				PRODUCT_BUNDLE_IDENTIFIER = austinzani.BingoGolf;
				PRODUCT_NAME = "$(TARGET_NAME)";
				SWIFT_VERSION = 5.0;
				TARGETED_DEVICE_FAMILY = "1,2";
			};
			name = Debug;
		};
		93F097BF267817FD0005D9E7 /* Release */ = {
			isa = XCBuildConfiguration;
			buildSettings = {
				ASSETCATALOG_COMPILER_APPICON_NAME = AppIcon;
				ASSETCATALOG_COMPILER_GLOBAL_ACCENT_COLOR_NAME = AccentColor;
				CODE_SIGN_ENTITLEMENTS = BingoGolf/BingoGolf.entitlements;
				CODE_SIGN_STYLE = Automatic;
				DEVELOPMENT_ASSET_PATHS = "\"bingo-golf/Preview Content\"";
				DEVELOPMENT_TEAM = SFM8A4Z9K3;
				ENABLE_PREVIEWS = YES;
				INFOPLIST_FILE = "bingo-golf/Info.plist";
				IPHONEOS_DEPLOYMENT_TARGET = 14.0;
				LD_RUNPATH_SEARCH_PATHS = (
					"$(inherited)",
					"@executable_path/Frameworks",
				);
				PRODUCT_BUNDLE_IDENTIFIER = austinzani.BingoGolf;
				PRODUCT_NAME = "$(TARGET_NAME)";
				SWIFT_VERSION = 5.0;
				TARGETED_DEVICE_FAMILY = "1,2";
			};
			name = Release;
		};
		93F097C1267817FD0005D9E7 /* Debug */ = {
			isa = XCBuildConfiguration;
			buildSettings = {
				ALWAYS_EMBED_SWIFT_STANDARD_LIBRARIES = YES;
				BUNDLE_LOADER = "$(TEST_HOST)";
				CODE_SIGN_STYLE = Automatic;
				DEVELOPMENT_TEAM = SFM8A4Z9K3;
				INFOPLIST_FILE = "bingo-golfTests/Info.plist";
				IPHONEOS_DEPLOYMENT_TARGET = 14.0;
				LD_RUNPATH_SEARCH_PATHS = (
					"$(inherited)",
					"@executable_path/Frameworks",
					"@loader_path/Frameworks",
				);
				PRODUCT_BUNDLE_IDENTIFIER = "austinzani.bingo-golfTests";
				PRODUCT_NAME = "$(TARGET_NAME)";
				SWIFT_VERSION = 5.0;
				TARGETED_DEVICE_FAMILY = "1,2";
				TEST_HOST = "$(BUILT_PRODUCTS_DIR)/bingo-golf.app/bingo-golf";
			};
			name = Debug;
		};
		93F097C2267817FD0005D9E7 /* Release */ = {
			isa = XCBuildConfiguration;
			buildSettings = {
				ALWAYS_EMBED_SWIFT_STANDARD_LIBRARIES = YES;
				BUNDLE_LOADER = "$(TEST_HOST)";
				CODE_SIGN_STYLE = Automatic;
				DEVELOPMENT_TEAM = SFM8A4Z9K3;
				INFOPLIST_FILE = "bingo-golfTests/Info.plist";
				IPHONEOS_DEPLOYMENT_TARGET = 14.0;
				LD_RUNPATH_SEARCH_PATHS = (
					"$(inherited)",
					"@executable_path/Frameworks",
					"@loader_path/Frameworks",
				);
				PRODUCT_BUNDLE_IDENTIFIER = "austinzani.bingo-golfTests";
				PRODUCT_NAME = "$(TARGET_NAME)";
				SWIFT_VERSION = 5.0;
				TARGETED_DEVICE_FAMILY = "1,2";
				TEST_HOST = "$(BUILT_PRODUCTS_DIR)/bingo-golf.app/bingo-golf";
			};
			name = Release;
		};
		93F097C4267817FD0005D9E7 /* Debug */ = {
			isa = XCBuildConfiguration;
			buildSettings = {
				ALWAYS_EMBED_SWIFT_STANDARD_LIBRARIES = YES;
				CODE_SIGN_STYLE = Automatic;
				DEVELOPMENT_TEAM = SFM8A4Z9K3;
				INFOPLIST_FILE = "bingo-golfUITests/Info.plist";
				LD_RUNPATH_SEARCH_PATHS = (
					"$(inherited)",
					"@executable_path/Frameworks",
					"@loader_path/Frameworks",
				);
				PRODUCT_BUNDLE_IDENTIFIER = "austinzani.bingo-golfUITests";
				PRODUCT_NAME = "$(TARGET_NAME)";
				SWIFT_VERSION = 5.0;
				TARGETED_DEVICE_FAMILY = "1,2";
				TEST_TARGET_NAME = "bingo-golf";
			};
			name = Debug;
		};
		93F097C5267817FD0005D9E7 /* Release */ = {
			isa = XCBuildConfiguration;
			buildSettings = {
				ALWAYS_EMBED_SWIFT_STANDARD_LIBRARIES = YES;
				CODE_SIGN_STYLE = Automatic;
				DEVELOPMENT_TEAM = SFM8A4Z9K3;
				INFOPLIST_FILE = "bingo-golfUITests/Info.plist";
				LD_RUNPATH_SEARCH_PATHS = (
					"$(inherited)",
					"@executable_path/Frameworks",
					"@loader_path/Frameworks",
				);
				PRODUCT_BUNDLE_IDENTIFIER = "austinzani.bingo-golfUITests";
				PRODUCT_NAME = "$(TARGET_NAME)";
				SWIFT_VERSION = 5.0;
				TARGETED_DEVICE_FAMILY = "1,2";
				TEST_TARGET_NAME = "bingo-golf";
			};
			name = Release;
		};
/* End XCBuildConfiguration section */

/* Begin XCConfigurationList section */
		93F09793267817F60005D9E7 /* Build configuration list for PBXProject "BingoGolf" */ = {
			isa = XCConfigurationList;
			buildConfigurations = (
				93F097BB267817FD0005D9E7 /* Debug */,
				93F097BC267817FD0005D9E7 /* Release */,
			);
			defaultConfigurationIsVisible = 0;
			defaultConfigurationName = Release;
		};
		93F097BD267817FD0005D9E7 /* Build configuration list for PBXNativeTarget "BingoGolf" */ = {
			isa = XCConfigurationList;
			buildConfigurations = (
				93F097BE267817FD0005D9E7 /* Debug */,
				93F097BF267817FD0005D9E7 /* Release */,
			);
			defaultConfigurationIsVisible = 0;
			defaultConfigurationName = Release;
		};
		93F097C0267817FD0005D9E7 /* Build configuration list for PBXNativeTarget "BingoGolfTests" */ = {
			isa = XCConfigurationList;
			buildConfigurations = (
				93F097C1267817FD0005D9E7 /* Debug */,
				93F097C2267817FD0005D9E7 /* Release */,
			);
			defaultConfigurationIsVisible = 0;
			defaultConfigurationName = Release;
		};
		93F097C3267817FD0005D9E7 /* Build configuration list for PBXNativeTarget "BingoGolfUITests" */ = {
			isa = XCConfigurationList;
			buildConfigurations = (
				93F097C4267817FD0005D9E7 /* Debug */,
				93F097C5267817FD0005D9E7 /* Release */,
			);
			defaultConfigurationIsVisible = 0;
			defaultConfigurationName = Release;
		};
/* End XCConfigurationList section */

/* Begin XCVersionGroup section */
		93F097C6267819A90005D9E7 /* Main.xcdatamodeld */ = {
			isa = XCVersionGroup;
			children = (
				93F097C7267819A90005D9E7 /* Main.xcdatamodel */,
			);
			currentVersion = 93F097C7267819A90005D9E7 /* Main.xcdatamodel */;
			path = Main.xcdatamodeld;
			sourceTree = "<group>";
			versionGroupType = wrapper.xcdatamodel;
		};
/* End XCVersionGroup section */
	};
	rootObject = 93F09790267817F60005D9E7 /* Project object */;
}
